// !$*UTF8*$!
{
	archiveVersion = 1;
	classes = {
	};
	objectVersion = 46;
	objects = {

/* Begin PBXBuildFile section */
		30D35AF014F32589003065CB /* UIKit.framework in Frameworks */ = {isa = PBXBuildFile; fileRef = 30D35AEF14F32589003065CB /* UIKit.framework */; };
		30D35AF214F32589003065CB /* Foundation.framework in Frameworks */ = {isa = PBXBuildFile; fileRef = 30D35AF114F32589003065CB /* Foundation.framework */; };
		30D35AF414F32589003065CB /* CoreGraphics.framework in Frameworks */ = {isa = PBXBuildFile; fileRef = 30D35AF314F32589003065CB /* CoreGraphics.framework */; };
		30D35AFA14F32589003065CB /* InfoPlist.strings in Resources */ = {isa = PBXBuildFile; fileRef = 30D35AF814F32589003065CB /* InfoPlist.strings */; };
		30D35AFC14F32589003065CB /* main.m in Sources */ = {isa = PBXBuildFile; fileRef = 30D35AFB14F32589003065CB /* main.m */; };
		30D35B0014F32589003065CB /* HW1AppDelegate.m in Sources */ = {isa = PBXBuildFile; fileRef = 30D35AFF14F32589003065CB /* HW1AppDelegate.m */; };
		30D35B0314F32589003065CB /* MainStoryboard.storyboard in Resources */ = {isa = PBXBuildFile; fileRef = 30D35B0114F32589003065CB /* MainStoryboard.storyboard */; };
		30D35B0614F32589003065CB /* HW1ViewController.m in Sources */ = {isa = PBXBuildFile; fileRef = 30D35B0514F32589003065CB /* HW1ViewController.m */; };
/* End PBXBuildFile section */

/* Begin PBXFileReference section */
		30D35AEB14F32589003065CB /* Homework1.app */ = {isa = PBXFileReference; explicitFileType = wrapper.application; includeInIndex = 0; path = Homework1.app; sourceTree = BUILT_PRODUCTS_DIR; };
		30D35AEF14F32589003065CB /* UIKit.framework */ = {isa = PBXFileReference; lastKnownFileType = wrapper.framework; name = UIKit.framework; path = System/Library/Frameworks/UIKit.framework; sourceTree = SDKROOT; };
		30D35AF114F32589003065CB /* Foundation.framework */ = {isa = PBXFileReference; lastKnownFileType = wrapper.framework; name = Foundation.framework; path = System/Library/Frameworks/Foundation.framework; sourceTree = SDKROOT; };
		30D35AF314F32589003065CB /* CoreGraphics.framework */ = {isa = PBXFileReference; lastKnownFileType = wrapper.framework; name = CoreGraphics.framework; path = System/Library/Frameworks/CoreGraphics.framework; sourceTree = SDKROOT; };
		30D35AF714F32589003065CB /* Homework1-Info.plist */ = {isa = PBXFileReference; lastKnownFileType = text.plist.xml; path = "Homework1-Info.plist"; sourceTree = "<group>"; };
		30D35AF914F32589003065CB /* en */ = {isa = PBXFileReference; lastKnownFileType = text.plist.strings; name = en; path = en.lproj/InfoPlist.strings; sourceTree = "<group>"; };
		30D35AFB14F32589003065CB /* main.m */ = {isa = PBXFileReference; lastKnownFileType = sourcecode.c.objc; path = main.m; sourceTree = "<group>"; };
		30D35AFD14F32589003065CB /* Homework1-Prefix.pch */ = {isa = PBXFileReference; lastKnownFileType = sourcecode.c.h; path = "Homework1-Prefix.pch"; sourceTree = "<group>"; };
		30D35AFE14F32589003065CB /* HW1AppDelegate.h */ = {isa = PBXFileReference; lastKnownFileType = sourcecode.c.h; path = HW1AppDelegate.h; sourceTree = "<group>"; };
		30D35AFF14F32589003065CB /* HW1AppDelegate.m */ = {isa = PBXFileReference; lastKnownFileType = sourcecode.c.objc; path = HW1AppDelegate.m; sourceTree = "<group>"; };
		30D35B0214F32589003065CB /* en */ = {isa = PBXFileReference; lastKnownFileType = file.storyboard; name = en; path = en.lproj/MainStoryboard.storyboard; sourceTree = "<group>"; };
		30D35B0414F32589003065CB /* HW1ViewController.h */ = {isa = PBXFileReference; lastKnownFileType = sourcecode.c.h; path = HW1ViewController.h; sourceTree = "<group>"; };
		30D35B0514F32589003065CB /* HW1ViewController.m */ = {isa = PBXFileReference; lastKnownFileType = sourcecode.c.objc; path = HW1ViewController.m; sourceTree = "<group>"; };
/* End PBXFileReference section */

/* Begin PBXFrameworksBuildPhase section */
		30D35AE814F32589003065CB /* Frameworks */ = {
			isa = PBXFrameworksBuildPhase;
			buildActionMask = 2147483647;
			files = (
				30D35AF014F32589003065CB /* UIKit.framework in Frameworks */,
				30D35AF214F32589003065CB /* Foundation.framework in Frameworks */,
				30D35AF414F32589003065CB /* CoreGraphics.framework in Frameworks */,
			);
			runOnlyForDeploymentPostprocessing = 0;
		};
/* End PBXFrameworksBuildPhase section */

/* Begin PBXGroup section */
		30D35AE014F32588003065CB = {
			isa = PBXGroup;
			children = (
				30D35AF514F32589003065CB /* Homework1 */,
				30D35AEE14F32589003065CB /* Frameworks */,
				30D35AEC14F32589003065CB /* Products */,
			);
			sourceTree = "<group>";
		};
		30D35AEC14F32589003065CB /* Products */ = {
			isa = PBXGroup;
			children = (
				30D35AEB14F32589003065CB /* Homework1.app */,
			);
			name = Products;
			sourceTree = "<group>";
		};
		30D35AEE14F32589003065CB /* Frameworks */ = {
			isa = PBXGroup;
			children = (
				30D35AEF14F32589003065CB /* UIKit.framework */,
				30D35AF114F32589003065CB /* Foundation.framework */,
				30D35AF314F32589003065CB /* CoreGraphics.framework */,
			);
			name = Frameworks;
			sourceTree = "<group>";
		};
		30D35AF514F32589003065CB /* Homework1 */ = {
			isa = PBXGroup;
			children = (
				30D35AFE14F32589003065CB /* HW1AppDelegate.h */,
				30D35AFF14F32589003065CB /* HW1AppDelegate.m */,
				30D35B0114F32589003065CB /* MainStoryboard.storyboard */,
				30D35B0414F32589003065CB /* HW1ViewController.h */,
				30D35B0514F32589003065CB /* HW1ViewController.m */,
				30D35AF614F32589003065CB /* Supporting Files */,
			);
			path = Homework1;
			sourceTree = "<group>";
		};
		30D35AF614F32589003065CB /* Supporting Files */ = {
			isa = PBXGroup;
			children = (
				30D35AF714F32589003065CB /* Homework1-Info.plist */,
				30D35AF814F32589003065CB /* InfoPlist.strings */,
				30D35AFB14F32589003065CB /* main.m */,
				30D35AFD14F32589003065CB /* Homework1-Prefix.pch */,
			);
			name = "Supporting Files";
			sourceTree = "<group>";
		};
/* End PBXGroup section */

/* Begin PBXNativeTarget section */
		30D35AEA14F32589003065CB /* Homework1 */ = {
			isa = PBXNativeTarget;
			buildConfigurationList = 30D35B0914F32589003065CB /* Build configuration list for PBXNativeTarget "Homework1" */;
			buildPhases = (
				30D35AE714F32589003065CB /* Sources */,
				30D35AE814F32589003065CB /* Frameworks */,
				30D35AE914F32589003065CB /* Resources */,
			);
			buildRules = (
			);
			dependencies = (
			);
			name = Homework1;
			productName = Homework1;
			productReference = 30D35AEB14F32589003065CB /* Homework1.app */;
			productType = "com.apple.product-type.application";
		};
/* End PBXNativeTarget section */

/* Begin PBXProject section */
		30D35AE214F32588003065CB /* Project object */ = {
			isa = PBXProject;
			attributes = {
				LastUpgradeCheck = 0420;
			};
			buildConfigurationList = 30D35AE514F32588003065CB /* Build configuration list for PBXProject "Homework1" */;
			compatibilityVersion = "Xcode 3.2";
			developmentRegion = English;
			hasScannedForEncodings = 0;
			knownRegions = (
				en,
			);
			mainGroup = 30D35AE014F32588003065CB;
			productRefGroup = 30D35AEC14F32589003065CB /* Products */;
			projectDirPath = "";
			projectRoot = "";
			targets = (
				30D35AEA14F32589003065CB /* Homework1 */,
			);
		};
/* End PBXProject section */

/* Begin PBXResourcesBuildPhase section */
		30D35AE914F32589003065CB /* Resources */ = {
			isa = PBXResourcesBuildPhase;
			buildActionMask = 2147483647;
			files = (
				30D35AFA14F32589003065CB /* InfoPlist.strings in Resources */,
				30D35B0314F32589003065CB /* MainStoryboard.storyboard in Resources */,
			);
			runOnlyForDeploymentPostprocessing = 0;
		};
/* End PBXResourcesBuildPhase section */

/* Begin PBXSourcesBuildPhase section */
		30D35AE714F32589003065CB /* Sources */ = {
			isa = PBXSourcesBuildPhase;
			buildActionMask = 2147483647;
			files = (
				30D35AFC14F32589003065CB /* main.m in Sources */,
				30D35B0014F32589003065CB /* HW1AppDelegate.m in Sources */,
				30D35B0614F32589003065CB /* HW1ViewController.m in Sources */,
			);
			runOnlyForDeploymentPostprocessing = 0;
		};
/* End PBXSourcesBuildPhase section */

/* Begin PBXVariantGroup section */
		30D35AF814F32589003065CB /* InfoPlist.strings */ = {
			isa = PBXVariantGroup;
			children = (
				30D35AF914F32589003065CB /* en */,
			);
			name = InfoPlist.strings;
			sourceTree = "<group>";
		};
		30D35B0114F32589003065CB /* MainStoryboard.storyboard */ = {
			isa = PBXVariantGroup;
			children = (
				30D35B0214F32589003065CB /* en */,
			);
			name = MainStoryboard.storyboard;
			sourceTree = "<group>";
		};
/* End PBXVariantGroup section */

/* Begin XCBuildConfiguration section */
		30D35B0714F32589003065CB /* Debug */ = {
			isa = XCBuildConfiguration;
			buildSettings = {
				ALWAYS_SEARCH_USER_PATHS = NO;
				ARCHS = "$(ARCHS_STANDARD_32_BIT)";
				CLANG_ENABLE_OBJC_ARC = YES;
				"CODE_SIGN_IDENTITY[sdk=iphoneos*]" = "iPhone Developer";
				COPY_PHASE_STRIP = NO;
				GCC_C_LANGUAGE_STANDARD = gnu99;
				GCC_DYNAMIC_NO_PIC = NO;
				GCC_OPTIMIZATION_LEVEL = 0;
				GCC_PREPROCESSOR_DEFINITIONS = (
					"DEBUG=1",
					"$(inherited)",
				);
				GCC_SYMBOLS_PRIVATE_EXTERN = NO;
				GCC_VERSION = com.apple.compilers.llvm.clang.1_0;
				GCC_WARN_ABOUT_MISSING_PROTOTYPES = YES;
				GCC_WARN_ABOUT_RETURN_TYPE = YES;
				GCC_WARN_UNUSED_VARIABLE = YES;
				IPHONEOS_DEPLOYMENT_TARGET = 5.0;
				SDKROOT = iphoneos;
			};
			name = Debug;
		};
		30D35B0814F32589003065CB /* Release */ = {
			isa = XCBuildConfiguration;
			buildSettings = {
				ALWAYS_SEARCH_USER_PATHS = NO;
				ARCHS = "$(ARCHS_STANDARD_32_BIT)";
				CLANG_ENABLE_OBJC_ARC = YES;
				"CODE_SIGN_IDENTITY[sdk=iphoneos*]" = "iPhone Developer";
				COPY_PHASE_STRIP = YES;
				GCC_C_LANGUAGE_STANDARD = gnu99;
				GCC_VERSION = com.apple.compilers.llvm.clang.1_0;
				GCC_WARN_ABOUT_MISSING_PROTOTYPES = YES;
				GCC_WARN_ABOUT_RETURN_TYPE = YES;
				GCC_WARN_UNUSED_VARIABLE = YES;
				IPHONEOS_DEPLOYMENT_TARGET = 5.0;
				OTHER_CFLAGS = "-DNS_BLOCK_ASSERTIONS=1";
				SDKROOT = iphoneos;
				VALIDATE_PRODUCT = YES;
			};
			name = Release;
		};
		30D35B0A14F32589003065CB /* Debug */ = {
			isa = XCBuildConfiguration;
			buildSettings = {
				GCC_PRECOMPILE_PREFIX_HEADER = YES;
				GCC_PREFIX_HEADER = "Homework1/Homework1-Prefix.pch";
				INFOPLIST_FILE = "Homework1/Homework1-Info.plist";
				PRODUCT_NAME = "$(TARGET_NAME)";
				WRAPPER_EXTENSION = app;
			};
			name = Debug;
		};
		30D35B0B14F32589003065CB /* Release */ = {
			isa = XCBuildConfiguration;
			buildSettings = {
				GCC_PRECOMPILE_PREFIX_HEADER = YES;
				GCC_PREFIX_HEADER = "Homework1/Homework1-Prefix.pch";
				INFOPLIST_FILE = "Homework1/Homework1-Info.plist";
				PRODUCT_NAME = "$(TARGET_NAME)";
				WRAPPER_EXTENSION = app;
			};
			name = Release;
		};
/* End XCBuildConfiguration section */

/* Begin XCConfigurationList section */
		30D35AE514F32588003065CB /* Build configuration list for PBXProject "Homework1" */ = {
			isa = XCConfigurationList;
			buildConfigurations = (
				30D35B0714F32589003065CB /* Debug */,
				30D35B0814F32589003065CB /* Release */,
			);
			defaultConfigurationIsVisible = 0;
			defaultConfigurationName = Release;
		};
		30D35B0914F32589003065CB /* Build configuration list for PBXNativeTarget "Homework1" */ = {
			isa = XCConfigurationList;
			buildConfigurations = (
				30D35B0A14F32589003065CB /* Debug */,
				30D35B0B14F32589003065CB /* Release */,
			);
			defaultConfigurationIsVisible = 0;
		};
/* End XCConfigurationList section */
	};
	rootObject = 30D35AE214F32588003065CB /* Project object */;
}
